
Microsoft Visual Studio Solution File, Format Version 12.00
Project("{FAE04EC0-301F-11D3-BF4B-00C04F79EFBC}") = "HttpClient", "HttpClient\HttpClient.csproj", "{52120CC7-E163-4AF1-94CA-0EB37185180F}"
EndProject
Project("{FAE04EC0-301F-11D3-BF4B-00C04F79EFBC}") = "ConsoleApp", "ConsoleApp\ConsoleApp.csproj", "{5AF07171-453B-4968-BAA8-A849E17D2BE3}"
EndProject
Global
	GlobalSection(SolutionConfigurationPlatforms) = preSolution
		Debug|Any CPU = Debug|Any CPU
		Release|Any CPU = Release|Any CPU
	EndGlobalSection
	GlobalSection(ProjectConfigurationPlatforms) = postSolution
		{52120CC7-E163-4AF1-94CA-0EB37185180F}.Debug|Any CPU.ActiveCfg = Debug|Any CPU
		{52120CC7-E163-4AF1-94CA-0EB37185180F}.Debug|Any CPU.Build.0 = Debug|Any CPU
		{52120CC7-E163-4AF1-94CA-0EB37185180F}.Release|Any CPU.ActiveCfg = Release|Any CPU
		{52120CC7-E163-4AF1-94CA-0EB37185180F}.Release|Any CPU.Build.0 = Release|Any CPU
		{5AF07171-453B-4968-BAA8-A849E17D2BE3}.Debug|Any CPU.ActiveCfg = Debug|Any CPU
		{5AF07171-453B-4968-BAA8-A849E17D2BE3}.Debug|Any CPU.Build.0 = Debug|Any CPU
		{5AF07171-453B-4968-BAA8-A849E17D2BE3}.Release|Any CPU.ActiveCfg = Release|Any CPU
		{5AF07171-453B-4968-BAA8-A849E17D2BE3}.Release|Any CPU.Build.0 = Release|Any CPU
	EndGlobalSection
EndGlobal
